
Microsoft Visual Studio Solution File, Format Version 12.00
# Visual Studio Version 17
VisualStudioVersion = 17.9.34723.18
MinimumVisualStudioVersion = 10.0.40219.1
Project("{FAE04EC0-301F-11D3-BF4B-00C04F79EFBC}") = "Day8Learning", "Day8Learning\Day8Learning.csproj", "{533C1905-81AA-431B-ADA5-8A7C3C056D5E}"
EndProject
Global
	GlobalSection(SolutionConfigurationPlatforms) = preSolution
		Debug|Any CPU = Debug|Any CPU
		Release|Any CPU = Release|Any CPU
	EndGlobalSection
	GlobalSection(ProjectConfigurationPlatforms) = postSolution
		{533C1905-81AA-431B-ADA5-8A7C3C056D5E}.Debug|Any CPU.ActiveCfg = Debug|Any CPU
		{533C1905-81AA-431B-ADA5-8A7C3C056D5E}.Debug|Any CPU.Build.0 = Debug|Any CPU
		{533C1905-81AA-431B-ADA5-8A7C3C056D5E}.Release|Any CPU.ActiveCfg = Release|Any CPU
		{533C1905-81AA-431B-ADA5-8A7C3C056D5E}.Release|Any CPU.Build.0 = Release|Any CPU
	EndGlobalSection
	GlobalSection(SolutionProperties) = preSolution
		HideSolutionNode = FALSE
	EndGlobalSection
	GlobalSection(ExtensibilityGlobals) = postSolution
		SolutionGuid = {70917479-76AF-42A4-AD58-CA7421BE3D03}
	EndGlobalSection
EndGlobal
