
Microsoft Visual Studio Solution File, Format Version 12.00
# Visual Studio Version 17
VisualStudioVersion = 17.9.34723.18
MinimumVisualStudioVersion = 10.0.40219.1
Project("{FAE04EC0-301F-11D3-BF4B-00C04F79EFBC}") = "GovtApp", "GovtApp\GovtApp.csproj", "{B822CA35-85CF-4524-8C3A-17C5E02DCB5C}"
EndProject
Global
	GlobalSection(SolutionConfigurationPlatforms) = preSolution
		Debug|Any CPU = Debug|Any CPU
		Release|Any CPU = Release|Any CPU
	EndGlobalSection
	GlobalSection(ProjectConfigurationPlatforms) = postSolution
		{B822CA35-85CF-4524-8C3A-17C5E02DCB5C}.Debug|Any CPU.ActiveCfg = Debug|Any CPU
		{B822CA35-85CF-4524-8C3A-17C5E02DCB5C}.Debug|Any CPU.Build.0 = Debug|Any CPU
		{B822CA35-85CF-4524-8C3A-17C5E02DCB5C}.Release|Any CPU.ActiveCfg = Release|Any CPU
		{B822CA35-85CF-4524-8C3A-17C5E02DCB5C}.Release|Any CPU.Build.0 = Release|Any CPU
	EndGlobalSection
	GlobalSection(SolutionProperties) = preSolution
		HideSolutionNode = FALSE
	EndGlobalSection
	GlobalSection(ExtensibilityGlobals) = postSolution
		SolutionGuid = {3E0CEC05-AB31-43FD-9C49-01F7B96FFB16}
	EndGlobalSection
EndGlobal
