
Microsoft Visual Studio Solution File, Format Version 12.00
# Visual Studio Version 17
VisualStudioVersion = 17.10.34916.146
MinimumVisualStudioVersion = 10.0.40219.1
Project("{FAE04EC0-301F-11D3-BF4B-00C04F79EFBC}") = "azuresecrettest", "azuresecrettest\azuresecrettest.csproj", "{E50741B6-386D-4AC9-AB51-0BB58962F022}"
EndProject
Global
	GlobalSection(SolutionConfigurationPlatforms) = preSolution
		Debug|Any CPU = Debug|Any CPU
		Release|Any CPU = Release|Any CPU
	EndGlobalSection
	GlobalSection(ProjectConfigurationPlatforms) = postSolution
		{E50741B6-386D-4AC9-AB51-0BB58962F022}.Debug|Any CPU.ActiveCfg = Debug|Any CPU
		{E50741B6-386D-4AC9-AB51-0BB58962F022}.Debug|Any CPU.Build.0 = Debug|Any CPU
		{E50741B6-386D-4AC9-AB51-0BB58962F022}.Release|Any CPU.ActiveCfg = Release|Any CPU
		{E50741B6-386D-4AC9-AB51-0BB58962F022}.Release|Any CPU.Build.0 = Release|Any CPU
	EndGlobalSection
	GlobalSection(SolutionProperties) = preSolution
		HideSolutionNode = FALSE
	EndGlobalSection
	GlobalSection(ExtensibilityGlobals) = postSolution
		SolutionGuid = {AA472B37-BBE1-4222-A9B6-9B626B58968A}
	EndGlobalSection
EndGlobal
