
Microsoft Visual Studio Solution File, Format Version 12.00
# Visual Studio Version 17
VisualStudioVersion = 17.9.34723.18
MinimumVisualStudioVersion = 10.0.40219.1
Project("{FAE04EC0-301F-11D3-BF4B-00C04F79EFBC}") = "CardValidation", "CardValidation\CardValidation.csproj", "{1312C6F7-36F8-4EBD-AFFB-E4DBAC9CAC9C}"
EndProject
Global
	GlobalSection(SolutionConfigurationPlatforms) = preSolution
		Debug|Any CPU = Debug|Any CPU
		Release|Any CPU = Release|Any CPU
	EndGlobalSection
	GlobalSection(ProjectConfigurationPlatforms) = postSolution
		{1312C6F7-36F8-4EBD-AFFB-E4DBAC9CAC9C}.Debug|Any CPU.ActiveCfg = Debug|Any CPU
		{1312C6F7-36F8-4EBD-AFFB-E4DBAC9CAC9C}.Debug|Any CPU.Build.0 = Debug|Any CPU
		{1312C6F7-36F8-4EBD-AFFB-E4DBAC9CAC9C}.Release|Any CPU.ActiveCfg = Release|Any CPU
		{1312C6F7-36F8-4EBD-AFFB-E4DBAC9CAC9C}.Release|Any CPU.Build.0 = Release|Any CPU
	EndGlobalSection
	GlobalSection(SolutionProperties) = preSolution
		HideSolutionNode = FALSE
	EndGlobalSection
	GlobalSection(ExtensibilityGlobals) = postSolution
		SolutionGuid = {46507119-642F-4C0C-9B12-275017BBF53A}
	EndGlobalSection
EndGlobal
