
Microsoft Visual Studio Solution File, Format Version 12.00
# Visual Studio Version 17
VisualStudioVersion = 17.9.34723.18
MinimumVisualStudioVersion = 10.0.40219.1
Project("{FAE04EC0-301F-11D3-BF4B-00C04F79EFBC}") = "WebApplication1", "WebApplication1\WebApplication1.csproj", "{98EEC5FC-6175-4832-98F0-131355C3EADF}"
EndProject
Global
	GlobalSection(SolutionConfigurationPlatforms) = preSolution
		Debug|Any CPU = Debug|Any CPU
		Release|Any CPU = Release|Any CPU
	EndGlobalSection
	GlobalSection(ProjectConfigurationPlatforms) = postSolution
		{98EEC5FC-6175-4832-98F0-131355C3EADF}.Debug|Any CPU.ActiveCfg = Debug|Any CPU
		{98EEC5FC-6175-4832-98F0-131355C3EADF}.Debug|Any CPU.Build.0 = Debug|Any CPU
		{98EEC5FC-6175-4832-98F0-131355C3EADF}.Release|Any CPU.ActiveCfg = Release|Any CPU
		{98EEC5FC-6175-4832-98F0-131355C3EADF}.Release|Any CPU.Build.0 = Release|Any CPU
	EndGlobalSection
	GlobalSection(SolutionProperties) = preSolution
		HideSolutionNode = FALSE
	EndGlobalSection
	GlobalSection(ExtensibilityGlobals) = postSolution
		SolutionGuid = {859AF140-0752-48A2-BDD1-901AFA44DCF8}
	EndGlobalSection
EndGlobal
